
Microsoft Visual Studio Solution File, Format Version 12.00
# Visual Studio Version 16
VisualStudioVersion = 16.0.30523.141
MinimumVisualStudioVersion = 10.0.40219.1
Project("{8BC9CEB8-8B4A-11D0-8D11-00A0C91BC942}") = "diffCpp", "diffCpp.vcxproj", "{DDDFA26E-E27D-4F91-9F30-19EC407B3725}"
EndProject
Global
	GlobalSection(SolutionConfigurationPlatforms) = preSolution
		Debug|x64 = Debug|x64
		Debug|x86 = Debug|x86
		Release|x64 = Release|x64
		Release|x86 = Release|x86
	EndGlobalSection
	GlobalSection(ProjectConfigurationPlatforms) = postSolution
		{DDDFA26E-E27D-4F91-9F30-19EC407B3725}.Debug|x64.ActiveCfg = Debug|x64
		{DDDFA26E-E27D-4F91-9F30-19EC407B3725}.Debug|x64.Build.0 = Debug|x64
		{DDDFA26E-E27D-4F91-9F30-19EC407B3725}.Debug|x86.ActiveCfg = Debug|Win32
		{DDDFA26E-E27D-4F91-9F30-19EC407B3725}.Debug|x86.Build.0 = Debug|Win32
		{DDDFA26E-E27D-4F91-9F30-19EC407B3725}.Release|x64.ActiveCfg = Release|x64
		{DDDFA26E-E27D-4F91-9F30-19EC407B3725}.Release|x64.Build.0 = Release|x64
		{DDDFA26E-E27D-4F91-9F30-19EC407B3725}.Release|x86.ActiveCfg = Release|Win32
		{DDDFA26E-E27D-4F91-9F30-19EC407B3725}.Release|x86.Build.0 = Release|Win32
	EndGlobalSection
	GlobalSection(SolutionProperties) = preSolution
		HideSolutionNode = FALSE
	EndGlobalSection
	GlobalSection(ExtensibilityGlobals) = postSolution
		SolutionGuid = {4515C03F-26DE-49EB-A03E-9D2E6D728E55}
	EndGlobalSection
EndGlobal
